
Microsoft Visual Studio Solution File, Format Version 12.00
# Visual Studio Version 17
VisualStudioVersion = 17.7.34202.233
MinimumVisualStudioVersion = 10.0.40219.1
Project("{2150E333-8FDC-42A3-9474-1A3956D46DE8}") = "Administration Service", "Administration Service", "{EC006E49-61D1-4C54-BAED-330479CCBCE9}"
EndProject
Project("{2150E333-8FDC-42A3-9474-1A3956D46DE8}") = "Catalogue Service", "Catalogue Service", "{BEAA7993-D6F5-4134-938F-C1DDDC2103B1}"
EndProject
Project("{2150E333-8FDC-42A3-9474-1A3956D46DE8}") = "Cart Service", "Cart Service", "{0E5A2B09-6E0B-46A9-93D5-AFCD48BA1E5E}"
EndProject
Project("{2150E333-8FDC-42A3-9474-1A3956D46DE8}") = "Order Service", "Order Service", "{671192DA-9636-4D2A-A1F9-A047F440F008}"
EndProject
Project("{2150E333-8FDC-42A3-9474-1A3956D46DE8}") = "Payment Service", "Payment Service", "{071D40A2-2997-4027-8964-CE6C728D0CA3}"
EndProject
Project("{2150E333-8FDC-42A3-9474-1A3956D46DE8}") = "Warehouse Service", "Warehouse Service", "{75A97EBB-088E-44CD-8AD9-41C8BA2363FD}"
EndProject
Project("{2150E333-8FDC-42A3-9474-1A3956D46DE8}") = "Production Service", "Production Service", "{6DBB6801-F824-4832-8408-433B0896DBF1}"
EndProject
Project("{2150E333-8FDC-42A3-9474-1A3956D46DE8}") = "User Notification Service", "User Notification Service", "{CB11E5D5-EEF1-416E-9DD9-28496820B31C}"
EndProject
Project("{FAE04EC0-301F-11D3-BF4B-00C04F79EFBC}") = "BoxCar.Admin.Domain", "BoxCar.Admin.Domain\BoxCar.Admin.Domain.csproj", "{E4F3442B-8D77-4824-ABF8-8533A2261E16}"
EndProject
Project("{FAE04EC0-301F-11D3-BF4B-00C04F79EFBC}") = "Admin.Core", "Admin.Core\Admin.Core.csproj", "{F8B800AE-4BE0-428D-8C9A-812DD8FBD5C9}"
EndProject
Project("{2150E333-8FDC-42A3-9474-1A3956D46DE8}") = "Shared", "Shared", "{E66A1D0A-72C2-4ABF-9C97-DB85654E881F}"
EndProject
Project("{FAE04EC0-301F-11D3-BF4B-00C04F79EFBC}") = "BoxCar.Integration.Messages", "BoxCar.Integration.Messages\BoxCar.Integration.Messages.csproj", "{EB25EB69-B183-49AE-A70D-E81293E40647}"
EndProject
Project("{FAE04EC0-301F-11D3-BF4B-00C04F79EFBC}") = "BoxCar.Admin.Persistence", "BoxCar.Admin.Persistence\BoxCar.Admin.Persistence.csproj", "{BD3BBEF7-0BD1-4D8F-8FE1-3D78DB4D373A}"
EndProject
Global
	GlobalSection(SolutionConfigurationPlatforms) = preSolution
		Debug|Any CPU = Debug|Any CPU
		Release|Any CPU = Release|Any CPU
	EndGlobalSection
	GlobalSection(ProjectConfigurationPlatforms) = postSolution
		{E4F3442B-8D77-4824-ABF8-8533A2261E16}.Debug|Any CPU.ActiveCfg = Debug|Any CPU
		{E4F3442B-8D77-4824-ABF8-8533A2261E16}.Debug|Any CPU.Build.0 = Debug|Any CPU
		{E4F3442B-8D77-4824-ABF8-8533A2261E16}.Release|Any CPU.ActiveCfg = Release|Any CPU
		{E4F3442B-8D77-4824-ABF8-8533A2261E16}.Release|Any CPU.Build.0 = Release|Any CPU
		{F8B800AE-4BE0-428D-8C9A-812DD8FBD5C9}.Debug|Any CPU.ActiveCfg = Debug|Any CPU
		{F8B800AE-4BE0-428D-8C9A-812DD8FBD5C9}.Debug|Any CPU.Build.0 = Debug|Any CPU
		{F8B800AE-4BE0-428D-8C9A-812DD8FBD5C9}.Release|Any CPU.ActiveCfg = Release|Any CPU
		{F8B800AE-4BE0-428D-8C9A-812DD8FBD5C9}.Release|Any CPU.Build.0 = Release|Any CPU
		{EB25EB69-B183-49AE-A70D-E81293E40647}.Debug|Any CPU.ActiveCfg = Debug|Any CPU
		{EB25EB69-B183-49AE-A70D-E81293E40647}.Debug|Any CPU.Build.0 = Debug|Any CPU
		{EB25EB69-B183-49AE-A70D-E81293E40647}.Release|Any CPU.ActiveCfg = Release|Any CPU
		{EB25EB69-B183-49AE-A70D-E81293E40647}.Release|Any CPU.Build.0 = Release|Any CPU
		{BD3BBEF7-0BD1-4D8F-8FE1-3D78DB4D373A}.Debug|Any CPU.ActiveCfg = Debug|Any CPU
		{BD3BBEF7-0BD1-4D8F-8FE1-3D78DB4D373A}.Debug|Any CPU.Build.0 = Debug|Any CPU
		{BD3BBEF7-0BD1-4D8F-8FE1-3D78DB4D373A}.Release|Any CPU.ActiveCfg = Release|Any CPU
		{BD3BBEF7-0BD1-4D8F-8FE1-3D78DB4D373A}.Release|Any CPU.Build.0 = Release|Any CPU
	EndGlobalSection
	GlobalSection(SolutionProperties) = preSolution
		HideSolutionNode = FALSE
	EndGlobalSection
	GlobalSection(NestedProjects) = preSolution
		{E4F3442B-8D77-4824-ABF8-8533A2261E16} = {EC006E49-61D1-4C54-BAED-330479CCBCE9}
		{F8B800AE-4BE0-428D-8C9A-812DD8FBD5C9} = {EC006E49-61D1-4C54-BAED-330479CCBCE9}
		{EB25EB69-B183-49AE-A70D-E81293E40647} = {E66A1D0A-72C2-4ABF-9C97-DB85654E881F}
		{BD3BBEF7-0BD1-4D8F-8FE1-3D78DB4D373A} = {EC006E49-61D1-4C54-BAED-330479CCBCE9}
	EndGlobalSection
	GlobalSection(ExtensibilityGlobals) = postSolution
		SolutionGuid = {8F507060-461D-470B-AB79-BC8CD04E08CB}
	EndGlobalSection
EndGlobal
